
Microsoft Visual Studio Solution File, Format Version 12.00
# Visual Studio 14
VisualStudioVersion = 14.0.23107.0
MinimumVisualStudioVersion = 10.0.40219.1
Project("{FAE04EC0-301F-11D3-BF4B-00C04F79EFBC}") = "MVC", "MVC\MVC.csproj", "{85F238B8-6D9E-495A-9B25-4E6BA78D0D5A}"
EndProject
Project("{FAE04EC0-301F-11D3-BF4B-00C04F79EFBC}") = "Infra.Repositorio", "DAO\Infra.Repositorio.csproj", "{669E9411-C190-4626-B7B9-A55E4B927FE2}"
EndProject
Project("{2150E333-8FDC-42A3-9474-1A3956D46DE8}") = "Dominio", "Dominio", "{FAED9C4E-BACB-4B73-9E51-F97476EBE3CB}"
EndProject
Project("{2150E333-8FDC-42A3-9474-1A3956D46DE8}") = "Apresentação", "Apresentação", "{A5A2162F-7E7D-45BE-8127-8521E3714AA8}"
EndProject
Project("{2150E333-8FDC-42A3-9474-1A3956D46DE8}") = "Infraestrutura", "Infraestrutura", "{047C4A9A-B184-462C-AEC5-7A8424CA2C12}"
EndProject
Project("{FAE04EC0-301F-11D3-BF4B-00C04F79EFBC}") = "Dominio.Core", "Dominio.Core\Dominio.Core.csproj", "{72CDFA49-182D-4DAA-84CB-7C6FB6F6E345}"
EndProject
Project("{FAE04EC0-301F-11D3-BF4B-00C04F79EFBC}") = "Dominio.Testes", "Dominio.Testes\Dominio.Testes.csproj", "{B5939F78-2BFA-49FC-BA08-8865DEC8D94A}"
EndProject
Global
	GlobalSection(SolutionConfigurationPlatforms) = preSolution
		Debug|Any CPU = Debug|Any CPU
		Release|Any CPU = Release|Any CPU
	EndGlobalSection
	GlobalSection(ProjectConfigurationPlatforms) = postSolution
		{85F238B8-6D9E-495A-9B25-4E6BA78D0D5A}.Debug|Any CPU.ActiveCfg = Debug|Any CPU
		{85F238B8-6D9E-495A-9B25-4E6BA78D0D5A}.Debug|Any CPU.Build.0 = Debug|Any CPU
		{85F238B8-6D9E-495A-9B25-4E6BA78D0D5A}.Release|Any CPU.ActiveCfg = Release|Any CPU
		{85F238B8-6D9E-495A-9B25-4E6BA78D0D5A}.Release|Any CPU.Build.0 = Release|Any CPU
		{669E9411-C190-4626-B7B9-A55E4B927FE2}.Debug|Any CPU.ActiveCfg = Debug|Any CPU
		{669E9411-C190-4626-B7B9-A55E4B927FE2}.Debug|Any CPU.Build.0 = Debug|Any CPU
		{669E9411-C190-4626-B7B9-A55E4B927FE2}.Release|Any CPU.ActiveCfg = Release|Any CPU
		{669E9411-C190-4626-B7B9-A55E4B927FE2}.Release|Any CPU.Build.0 = Release|Any CPU
		{72CDFA49-182D-4DAA-84CB-7C6FB6F6E345}.Debug|Any CPU.ActiveCfg = Debug|Any CPU
		{72CDFA49-182D-4DAA-84CB-7C6FB6F6E345}.Debug|Any CPU.Build.0 = Debug|Any CPU
		{72CDFA49-182D-4DAA-84CB-7C6FB6F6E345}.Release|Any CPU.ActiveCfg = Release|Any CPU
		{72CDFA49-182D-4DAA-84CB-7C6FB6F6E345}.Release|Any CPU.Build.0 = Release|Any CPU
		{B5939F78-2BFA-49FC-BA08-8865DEC8D94A}.Debug|Any CPU.ActiveCfg = Debug|Any CPU
		{B5939F78-2BFA-49FC-BA08-8865DEC8D94A}.Debug|Any CPU.Build.0 = Debug|Any CPU
		{B5939F78-2BFA-49FC-BA08-8865DEC8D94A}.Release|Any CPU.ActiveCfg = Release|Any CPU
		{B5939F78-2BFA-49FC-BA08-8865DEC8D94A}.Release|Any CPU.Build.0 = Release|Any CPU
	EndGlobalSection
	GlobalSection(SolutionProperties) = preSolution
		HideSolutionNode = FALSE
	EndGlobalSection
	GlobalSection(NestedProjects) = preSolution
		{85F238B8-6D9E-495A-9B25-4E6BA78D0D5A} = {A5A2162F-7E7D-45BE-8127-8521E3714AA8}
		{669E9411-C190-4626-B7B9-A55E4B927FE2} = {047C4A9A-B184-462C-AEC5-7A8424CA2C12}
		{72CDFA49-182D-4DAA-84CB-7C6FB6F6E345} = {FAED9C4E-BACB-4B73-9E51-F97476EBE3CB}
		{B5939F78-2BFA-49FC-BA08-8865DEC8D94A} = {FAED9C4E-BACB-4B73-9E51-F97476EBE3CB}
	EndGlobalSection
EndGlobal
